{
    "_readme": [
        "This file locks the dependencies of your project to a known state",
        "Read more about it at https://getcomposer.org/doc/01-basic-usage.md#installing-dependencies",
        "This file is @generated automatically"
    ],
    "content-hash": "f3ba8cc0996da84aead6db2da420ff87",
    "packages": [
        {
            "name": "stripe/stripe-php",
            "version": "v7.49.0",
            "source": {
                "type": "git",
                "url": "https://github.com/stripe/stripe-php.git",
                "reference": "db6229bff448f7f3bf7f6aee112d5d9ba34ca4ba"
            },
            "dist": {
                "type": "zip",
                "url": "https://api.github.com/repos/stripe/stripe-php/zipball/db6229bff448f7f3bf7f6aee112d5d9ba34ca4ba",
                "reference": "db6229bff448f7f3bf7f6aee112d5d9ba34ca4ba",
                "shasum": ""
            },
            "require": {
                "ext-curl": "*",
                "ext-json": "*",
                "ext-mbstring": "*",
                "php": ">=5.6.0"
            },
            "require-dev": {
                "friendsofphp/php-cs-fixer": "2.16.1",
                "php-coveralls/php-coveralls": "^2.1",
                "phpunit/phpunit": "^5.7",
                "squizlabs/php_codesniffer": "^3.3",
                "symfony/process": "~3.4"
            },
            "type": "library",
            "extra": {
                "branch-alias": {
                    "dev-master": "2.0-dev"
                }
            },
            "autoload": {
                "psr-4": {
                    "Stripe\\": "lib/"
                }
            },
            "notification-url": "https://packagist.org/downloads/",
            "license": [
                "MIT"
            ],
            "authors": [
                {
                    "name": "Stripe and contributors",
                    "homepage": "https://github.com/stripe/stripe-php/contributors"
                }
            ],
            "description": "Stripe PHP Library",
            "homepage": "https://stripe.com/",
            "keywords": [
                "api",
                "payment processing",
                "stripe"
            ],
            "time": "2020-08-19T22:48:20+00:00"
        },
        {
            "name": "themexpert/paddle-php",
            "version": "dev-dev",
            "source": {
                "type": "git",
                "url": "https://github.com/themexpert/paddle-php.git",
                "reference": "025b2360e723db6a08290d0d5a322c7003d89601"
            },
            "dist": {
                "type": "zip",
                "url": "https://api.github.com/repos/themexpert/paddle-php/zipball/025b2360e723db6a08290d0d5a322c7003d89601",
                "reference": "025b2360e723db6a08290d0d5a322c7003d89601",
                "shasum": ""
            },
            "require": {
                "php": ">=7.0"
            },
            "type": "library",
            "autoload": {
                "psr-4": {
                    "ThemeXpert\\Paddle\\": [
                        "src/",
                        "src/Paddle"
                    ],
                    "ThemeXpert\\Paddle\\Util\\": "src/Util",
                    "ThemeXpert\\Paddle\\Product\\": "src/Paddle/Product",
                    "ThemeXpert\\Paddle\\Checkout\\": "src/Paddle/Checkout",
                    "ThemeXpert\\Paddle\\Subscription\\": "src/Paddle/Subscription",
                    "ThemeXpert\\Paddle\\Alert\\": "src/Paddle/Alert"
                }
            },
            "notification-url": "https://packagist.org/downloads/",
            "license": [
                "MIT"
            ],
            "authors": [
                {
                    "name": "ThemeXpert",
                    "email": "help@themexpert.com",
                    "homepage": "http://themexpert.com"
                },
                {
                    "name": "Al-Amin Firdows",
                    "email": "alaminfirdows@gmail.com"
                }
            ],
            "description": "PHP Library for Paddle Payment Gateway.",
            "homepage": "https://github.com/themexpert/paddle-php",
            "keywords": [
                "package",
                "paddle"
            ],
            "time": "2020-05-07T09:48:15+00:00"
        }
    ],
    "packages-dev": [],
    "aliases": [],
    "minimum-stability": "stable",
    "stability-flags": {
        "themexpert/paddle-php": 20
    },
    "prefer-stable": false,
    "prefer-lowest": false,
    "platform": [],
    "platform-dev": []
}
